{"version":4,"terraform_version":"1.8.8","serial":1,"lineage":"0937ba14-fa20-c0b8-11ee-4a0d87f4e94e","outputs":{},"resources":[{"mode":"managed","type":"local_file","name":"phpmyadmin_config","provider":"provider[\"registry.opentofu.org/hashicorp/local\"]","instances":[{"schema_version":0,"attributes":{"content":"\u003c?php\n$cfg['blowfish_secret'] = 'key';\n$i = 0;\n$i++;\n$cfg['Servers'][$i]['auth_type'] = 'cookie';\n$cfg['Servers'][$i]['host'] = 'localhost';\n$cfg['Servers'][$i]['AllowNoPassword'] = false;\n?\u003e\n","content_base64":null,"content_base64sha256":"hnRuCTtjABbDPcaCYXXdnnV7KJliIfGhINT2Vp5HUfM=","content_base64sha512":"+2zDJLB/+W5d8zoSd3WiCdBgR5BuZhanByjDZThSVYbCkGiYp2Zf7HbXxKxADSIueDksesaBpeq4TY8AITPl2g==","content_md5":"d29b857eaadb133dd82c48c274282812","content_sha1":"391d6b19fab09172437393ed7063a62c58ca8c5d","content_sha256":"86746e093b630016c33dc6826175dd9e757b28996221f1a120d4f6569e4751f3","content_sha512":"fb6cc324b07ff96e5df33a127775a209d06047906e6616a70728c36538525586c2906898a7665fec76d7c4ac400d222e78392c7ac681a5eab84d8f002133e5da","directory_permission":"0777","file_permission":"0777","filename":"/tmp/config.inc.php","id":"391d6b19fab09172437393ed7063a62c58ca8c5d","sensitive_content":null,"source":null},"sensitive_attributes":[[{"type":"get_attr","value":"sensitive_content"}]]}]},{"mode":"managed","type":"null_resource","name":"clone_repo","provider":"provider[\"registry.opentofu.org/hashicorp/null\"]","instances":[{"schema_version":0,"attributes":{"id":"1690077608559522454","triggers":null},"sensitive_attributes":[]}]},{"mode":"managed","type":"null_resource","name":"copy_phpmyadmin_config","provider":"provider[\"registry.opentofu.org/hashicorp/null\"]","instances":[{"schema_version":0,"attributes":{"id":"5054000256996653484","triggers":null},"sensitive_attributes":[]}]},{"mode":"managed","type":"null_resource","name":"create_symlink_phpmyadmin","provider":"provider[\"registry.opentofu.org/hashicorp/null\"]","instances":[{"status":"tainted","schema_version":0,"attributes":{"id":"4963234152530830407","triggers":null},"sensitive_attributes":[]}]},{"mode":"managed","type":"null_resource","name":"enable_phpmyadmin","provider":"provider[\"registry.opentofu.org/hashicorp/null\"]","instances":[{"schema_version":0,"attributes":{"id":"1680852921418813326","triggers":null},"sensitive_attributes":[]}]},{"mode":"managed","type":"null_resource","name":"ensure_services","provider":"provider[\"registry.opentofu.org/hashicorp/null\"]","instances":[{"schema_version":0,"attributes":{"id":"4245483188500143838","triggers":null},"sensitive_attributes":[]}]},{"mode":"managed","type":"null_resource","name":"install_lamp","provider":"provider[\"registry.opentofu.org/hashicorp/null\"]","instances":[{"status":"tainted","schema_version":0,"attributes":{"id":"9076036140292182547","triggers":null},"sensitive_attributes":[]}]},{"mode":"managed","type":"null_resource","name":"remove_web_root","provider":"provider[\"registry.opentofu.org/hashicorp/null\"]","instances":[{"status":"tainted","schema_version":0,"attributes":{"id":"3027562578076614337","triggers":null},"sensitive_attributes":[]}]},{"mode":"managed","type":"null_resource","name":"set_document_root","provider":"provider[\"registry.opentofu.org/hashicorp/null\"]","instances":[{"status":"tainted","schema_version":0,"attributes":{"id":"7552763533197178390","triggers":null},"sensitive_attributes":[]}]},{"mode":"managed","type":"null_resource","name":"update_apt","provider":"provider[\"registry.opentofu.org/hashicorp/null\"]","instances":[{"schema_version":0,"attributes":{"id":"6026057554677578441","triggers":null},"sensitive_attributes":[]}]}],"check_results":null}
